// !$*UTF8*$!
{
	archiveVersion = 1;
	classes = {
	};
	objectVersion = 56;
	objects = {

/* Begin PBXBuildFile section */
		DA9617B62B555D8D00A4C843 /* AppDelegate.swift in Sources */ = {isa = PBXBuildFile; fileRef = DA9617B52B555D8D00A4C843 /* AppDelegate.swift */; };
		DA9617B82B555D8D00A4C843 /* SceneDelegate.swift in Sources */ = {isa = PBXBuildFile; fileRef = DA9617B72B555D8D00A4C843 /* SceneDelegate.swift */; };
		DA9617BA2B555D8D00A4C843 /* ViewController.swift in Sources */ = {isa = PBXBuildFile; fileRef = DA9617B92B555D8D00A4C843 /* ViewController.swift */; };
		DA9617BD2B555D8D00A4C843 /* Main.storyboard in Resources */ = {isa = PBXBuildFile; fileRef = DA9617BB2B555D8D00A4C843 /* Main.storyboard */; };
		DA9617BF2B555D8F00A4C843 /* Assets.xcassets in Resources */ = {isa = PBXBuildFile; fileRef = DA9617BE2B555D8F00A4C843 /* Assets.xcassets */; };
		DA9617C22B555D8F00A4C843 /* LaunchScreen.storyboard in Resources */ = {isa = PBXBuildFile; fileRef = DA9617C02B555D8F00A4C843 /* LaunchScreen.storyboard */; };
		DA9617CD2B555D8F00A4C843 /* Module_1Tests.swift in Sources */ = {isa = PBXBuildFile; fileRef = DA9617CC2B555D8F00A4C843 /* Module_1Tests.swift */; };
		DA9617D72B555D8F00A4C843 /* Module_1UITests.swift in Sources */ = {isa = PBXBuildFile; fileRef = DA9617D62B555D8F00A4C843 /* Module_1UITests.swift */; };
		DA9617D92B555D8F00A4C843 /* Module_1UITestsLaunchTests.swift in Sources */ = {isa = PBXBuildFile; fileRef = DA9617D82B555D8F00A4C843 /* Module_1UITestsLaunchTests.swift */; };
/* End PBXBuildFile section */

/* Begin PBXContainerItemProxy section */
		DA9617C92B555D8F00A4C843 /* PBXContainerItemProxy */ = {
			isa = PBXContainerItemProxy;
			containerPortal = DA9617AA2B555D8D00A4C843 /* Project object */;
			proxyType = 1;
			remoteGlobalIDString = DA9617B12B555D8D00A4C843;
			remoteInfo = "Module 1";
		};
		DA9617D32B555D8F00A4C843 /* PBXContainerItemProxy */ = {
			isa = PBXContainerItemProxy;
			containerPortal = DA9617AA2B555D8D00A4C843 /* Project object */;
			proxyType = 1;
			remoteGlobalIDString = DA9617B12B555D8D00A4C843;
			remoteInfo = "Module 1";
		};
/* End PBXContainerItemProxy section */

/* Begin PBXFileReference section */
		DA9617B22B555D8D00A4C843 /* Module 1.app */ = {isa = PBXFileReference; explicitFileType = wrapper.application; includeInIndex = 0; path = "Module 1.app"; sourceTree = BUILT_PRODUCTS_DIR; };
		DA9617B52B555D8D00A4C843 /* AppDelegate.swift */ = {isa = PBXFileReference; lastKnownFileType = sourcecode.swift; path = AppDelegate.swift; sourceTree = "<group>"; };
		DA9617B72B555D8D00A4C843 /* SceneDelegate.swift */ = {isa = PBXFileReference; lastKnownFileType = sourcecode.swift; path = SceneDelegate.swift; sourceTree = "<group>"; };
		DA9617B92B555D8D00A4C843 /* ViewController.swift */ = {isa = PBXFileReference; lastKnownFileType = sourcecode.swift; path = ViewController.swift; sourceTree = "<group>"; };
		DA9617BC2B555D8D00A4C843 /* Base */ = {isa = PBXFileReference; lastKnownFileType = file.storyboard; name = Base; path = Base.lproj/Main.storyboard; sourceTree = "<group>"; };
		DA9617BE2B555D8F00A4C843 /* Assets.xcassets */ = {isa = PBXFileReference; lastKnownFileType = folder.assetcatalog; path = Assets.xcassets; sourceTree = "<group>"; };
		DA9617C12B555D8F00A4C843 /* Base */ = {isa = PBXFileReference; lastKnownFileType = file.storyboard; name = Base; path = Base.lproj/LaunchScreen.storyboard; sourceTree = "<group>"; };
		DA9617C32B555D8F00A4C843 /* Info.plist */ = {isa = PBXFileReference; lastKnownFileType = text.plist.xml; path = Info.plist; sourceTree = "<group>"; };
		DA9617C82B555D8F00A4C843 /* Module 1Tests.xctest */ = {isa = PBXFileReference; explicitFileType = wrapper.cfbundle; includeInIndex = 0; path = "Module 1Tests.xctest"; sourceTree = BUILT_PRODUCTS_DIR; };
		DA9617CC2B555D8F00A4C843 /* Module_1Tests.swift */ = {isa = PBXFileReference; lastKnownFileType = sourcecode.swift; path = Module_1Tests.swift; sourceTree = "<group>"; };
		DA9617D22B555D8F00A4C843 /* Module 1UITests.xctest */ = {isa = PBXFileReference; explicitFileType = wrapper.cfbundle; includeInIndex = 0; path = "Module 1UITests.xctest"; sourceTree = BUILT_PRODUCTS_DIR; };
		DA9617D62B555D8F00A4C843 /* Module_1UITests.swift */ = {isa = PBXFileReference; lastKnownFileType = sourcecode.swift; path = Module_1UITests.swift; sourceTree = "<group>"; };
		DA9617D82B555D8F00A4C843 /* Module_1UITestsLaunchTests.swift */ = {isa = PBXFileReference; lastKnownFileType = sourcecode.swift; path = Module_1UITestsLaunchTests.swift; sourceTree = "<group>"; };
/* End PBXFileReference section */

/* Begin PBXFrameworksBuildPhase section */
		DA9617AF2B555D8D00A4C843 /* Frameworks */ = {
			isa = PBXFrameworksBuildPhase;
			buildActionMask = 2147483647;
			files = (
			);
			runOnlyForDeploymentPostprocessing = 0;
		};
		DA9617C52B555D8F00A4C843 /* Frameworks */ = {
			isa = PBXFrameworksBuildPhase;
			buildActionMask = 2147483647;
			files = (
			);
			runOnlyForDeploymentPostprocessing = 0;
		};
		DA9617CF2B555D8F00A4C843 /* Frameworks */ = {
			isa = PBXFrameworksBuildPhase;
			buildActionMask = 2147483647;
			files = (
			);
			runOnlyForDeploymentPostprocessing = 0;
		};
/* End PBXFrameworksBuildPhase section */

/* Begin PBXGroup section */
		DA9617A92B555D8D00A4C843 = {
			isa = PBXGroup;
			children = (
				DA9617B42B555D8D00A4C843 /* Module 1 */,
				DA9617CB2B555D8F00A4C843 /* Module 1Tests */,
				DA9617D52B555D8F00A4C843 /* Module 1UITests */,
				DA9617B32B555D8D00A4C843 /* Products */,
			);
			sourceTree = "<group>";
		};
		DA9617B32B555D8D00A4C843 /* Products */ = {
			isa = PBXGroup;
			children = (
				DA9617B22B555D8D00A4C843 /* Module 1.app */,
				DA9617C82B555D8F00A4C843 /* Module 1Tests.xctest */,
				DA9617D22B555D8F00A4C843 /* Module 1UITests.xctest */,
			);
			name = Products;
			sourceTree = "<group>";
		};
		DA9617B42B555D8D00A4C843 /* Module 1 */ = {
			isa = PBXGroup;
			children = (
				DA9617B52B555D8D00A4C843 /* AppDelegate.swift */,
				DA9617B72B555D8D00A4C843 /* SceneDelegate.swift */,
				DA9617B92B555D8D00A4C843 /* ViewController.swift */,
				DA9617BB2B555D8D00A4C843 /* Main.storyboard */,
				DA9617BE2B555D8F00A4C843 /* Assets.xcassets */,
				DA9617C02B555D8F00A4C843 /* LaunchScreen.storyboard */,
				DA9617C32B555D8F00A4C843 /* Info.plist */,
			);
			path = "Module 1";
			sourceTree = "<group>";
		};
		DA9617CB2B555D8F00A4C843 /* Module 1Tests */ = {
			isa = PBXGroup;
			children = (
				DA9617CC2B555D8F00A4C843 /* Module_1Tests.swift */,
			);
			path = "Module 1Tests";
			sourceTree = "<group>";
		};
		DA9617D52B555D8F00A4C843 /* Module 1UITests */ = {
			isa = PBXGroup;
			children = (
				DA9617D62B555D8F00A4C843 /* Module_1UITests.swift */,
				DA9617D82B555D8F00A4C843 /* Module_1UITestsLaunchTests.swift */,
			);
			path = "Module 1UITests";
			sourceTree = "<group>";
		};
/* End PBXGroup section */

/* Begin PBXNativeTarget section */
		DA9617B12B555D8D00A4C843 /* Module 1 */ = {
			isa = PBXNativeTarget;
			buildConfigurationList = DA9617DC2B555D8F00A4C843 /* Build configuration list for PBXNativeTarget "Module 1" */;
			buildPhases = (
				DA9617AE2B555D8D00A4C843 /* Sources */,
				DA9617AF2B555D8D00A4C843 /* Frameworks */,
				DA9617B02B555D8D00A4C843 /* Resources */,
			);
			buildRules = (
			);
			dependencies = (
			);
			name = "Module 1";
			productName = "Module 1";
			productReference = DA9617B22B555D8D00A4C843 /* Module 1.app */;
			productType = "com.apple.product-type.application";
		};
		DA9617C72B555D8F00A4C843 /* Module 1Tests */ = {
			isa = PBXNativeTarget;
			buildConfigurationList = DA9617DF2B555D8F00A4C843 /* Build configuration list for PBXNativeTarget "Module 1Tests" */;
			buildPhases = (
				DA9617C42B555D8F00A4C843 /* Sources */,
				DA9617C52B555D8F00A4C843 /* Frameworks */,
				DA9617C62B555D8F00A4C843 /* Resources */,
			);
			buildRules = (
			);
			dependencies = (
				DA9617CA2B555D8F00A4C843 /* PBXTargetDependency */,
			);
			name = "Module 1Tests";
			productName = "Module 1Tests";
			productReference = DA9617C82B555D8F00A4C843 /* Module 1Tests.xctest */;
			productType = "com.apple.product-type.bundle.unit-test";
		};
		DA9617D12B555D8F00A4C843 /* Module 1UITests */ = {
			isa = PBXNativeTarget;
			buildConfigurationList = DA9617E22B555D8F00A4C843 /* Build configuration list for PBXNativeTarget "Module 1UITests" */;
			buildPhases = (
				DA9617CE2B555D8F00A4C843 /* Sources */,
				DA9617CF2B555D8F00A4C843 /* Frameworks */,
				DA9617D02B555D8F00A4C843 /* Resources */,
			);
			buildRules = (
			);
			dependencies = (
				DA9617D42B555D8F00A4C843 /* PBXTargetDependency */,
			);
			name = "Module 1UITests";
			productName = "Module 1UITests";
			productReference = DA9617D22B555D8F00A4C843 /* Module 1UITests.xctest */;
			productType = "com.apple.product-type.bundle.ui-testing";
		};
/* End PBXNativeTarget section */

/* Begin PBXProject section */
		DA9617AA2B555D8D00A4C843 /* Project object */ = {
			isa = PBXProject;
			attributes = {
				BuildIndependentTargetsInParallel = 1;
				LastSwiftUpdateCheck = 1520;
				LastUpgradeCheck = 1520;
				TargetAttributes = {
					DA9617B12B555D8D00A4C843 = {
						CreatedOnToolsVersion = 15.2;
					};
					DA9617C72B555D8F00A4C843 = {
						CreatedOnToolsVersion = 15.2;
						TestTargetID = DA9617B12B555D8D00A4C843;
					};
					DA9617D12B555D8F00A4C843 = {
						CreatedOnToolsVersion = 15.2;
						TestTargetID = DA9617B12B555D8D00A4C843;
					};
				};
			};
			buildConfigurationList = DA9617AD2B555D8D00A4C843 /* Build configuration list for PBXProject "Module 1" */;
			compatibilityVersion = "Xcode 14.0";
			developmentRegion = en;
			hasScannedForEncodings = 0;
			knownRegions = (
				en,
				Base,
			);
			mainGroup = DA9617A92B555D8D00A4C843;
			productRefGroup = DA9617B32B555D8D00A4C843 /* Products */;
			projectDirPath = "";
			projectRoot = "";
			targets = (
				DA9617B12B555D8D00A4C843 /* Module 1 */,
				DA9617C72B555D8F00A4C843 /* Module 1Tests */,
				DA9617D12B555D8F00A4C843 /* Module 1UITests */,
			);
		};
/* End PBXProject section */

/* Begin PBXResourcesBuildPhase section */
		DA9617B02B555D8D00A4C843 /* Resources */ = {
			isa = PBXResourcesBuildPhase;
			buildActionMask = 2147483647;
			files = (
				DA9617C22B555D8F00A4C843 /* LaunchScreen.storyboard in Resources */,
				DA9617BF2B555D8F00A4C843 /* Assets.xcassets in Resources */,
				DA9617BD2B555D8D00A4C843 /* Main.storyboard in Resources */,
			);
			runOnlyForDeploymentPostprocessing = 0;
		};
		DA9617C62B555D8F00A4C843 /* Resources */ = {
			isa = PBXResourcesBuildPhase;
			buildActionMask = 2147483647;
			files = (
			);
			runOnlyForDeploymentPostprocessing = 0;
		};
		DA9617D02B555D8F00A4C843 /* Resources */ = {
			isa = PBXResourcesBuildPhase;
			buildActionMask = 2147483647;
			files = (
			);
			runOnlyForDeploymentPostprocessing = 0;
		};
/* End PBXResourcesBuildPhase section */

/* Begin PBXSourcesBuildPhase section */
		DA9617AE2B555D8D00A4C843 /* Sources */ = {
			isa = PBXSourcesBuildPhase;
			buildActionMask = 2147483647;
			files = (
				DA9617BA2B555D8D00A4C843 /* ViewController.swift in Sources */,
				DA9617B62B555D8D00A4C843 /* AppDelegate.swift in Sources */,
				DA9617B82B555D8D00A4C843 /* SceneDelegate.swift in Sources */,
			);
			runOnlyForDeploymentPostprocessing = 0;
		};
		DA9617C42B555D8F00A4C843 /* Sources */ = {
			isa = PBXSourcesBuildPhase;
			buildActionMask = 2147483647;
			files = (
				DA9617CD2B555D8F00A4C843 /* Module_1Tests.swift in Sources */,
			);
			runOnlyForDeploymentPostprocessing = 0;
		};
		DA9617CE2B555D8F00A4C843 /* Sources */ = {
			isa = PBXSourcesBuildPhase;
			buildActionMask = 2147483647;
			files = (
				DA9617D92B555D8F00A4C843 /* Module_1UITestsLaunchTests.swift in Sources */,
				DA9617D72B555D8F00A4C843 /* Module_1UITests.swift in Sources */,
			);
			runOnlyForDeploymentPostprocessing = 0;
		};
/* End PBXSourcesBuildPhase section */

/* Begin PBXTargetDependency section */
		DA9617CA2B555D8F00A4C843 /* PBXTargetDependency */ = {
			isa = PBXTargetDependency;
			target = DA9617B12B555D8D00A4C843 /* Module 1 */;
			targetProxy = DA9617C92B555D8F00A4C843 /* PBXContainerItemProxy */;
		};
		DA9617D42B555D8F00A4C843 /* PBXTargetDependency */ = {
			isa = PBXTargetDependency;
			target = DA9617B12B555D8D00A4C843 /* Module 1 */;
			targetProxy = DA9617D32B555D8F00A4C843 /* PBXContainerItemProxy */;
		};
/* End PBXTargetDependency section */

/* Begin PBXVariantGroup section */
		DA9617BB2B555D8D00A4C843 /* Main.storyboard */ = {
			isa = PBXVariantGroup;
			children = (
				DA9617BC2B555D8D00A4C843 /* Base */,
			);
			name = Main.storyboard;
			sourceTree = "<group>";
		};
		DA9617C02B555D8F00A4C843 /* LaunchScreen.storyboard */ = {
			isa = PBXVariantGroup;
			children = (
				DA9617C12B555D8F00A4C843 /* Base */,
			);
			name = LaunchScreen.storyboard;
			sourceTree = "<group>";
		};
/* End PBXVariantGroup section */

/* Begin XCBuildConfiguration section */
		DA9617DA2B555D8F00A4C843 /* Debug */ = {
			isa = XCBuildConfiguration;
			buildSettings = {
				ALWAYS_SEARCH_USER_PATHS = NO;
				ASSETCATALOG_COMPILER_GENERATE_SWIFT_ASSET_SYMBOL_EXTENSIONS = YES;
				CLANG_ANALYZER_NONNULL = YES;
				CLANG_ANALYZER_NUMBER_OBJECT_CONVERSION = YES_AGGRESSIVE;
				CLANG_CXX_LANGUAGE_STANDARD = "gnu++20";
				CLANG_ENABLE_MODULES = YES;
				CLANG_ENABLE_OBJC_ARC = YES;
				CLANG_ENABLE_OBJC_WEAK = YES;
				CLANG_WARN_BLOCK_CAPTURE_AUTORELEASING = YES;
				CLANG_WARN_BOOL_CONVERSION = YES;
				CLANG_WARN_COMMA = YES;
				CLANG_WARN_CONSTANT_CONVERSION = YES;
				CLANG_WARN_DEPRECATED_OBJC_IMPLEMENTATIONS = YES;
				CLANG_WARN_DIRECT_OBJC_ISA_USAGE = YES_ERROR;
				CLANG_WARN_DOCUMENTATION_COMMENTS = YES;
				CLANG_WARN_EMPTY_BODY = YES;
				CLANG_WARN_ENUM_CONVERSION = YES;
				CLANG_WARN_INFINITE_RECURSION = YES;
				CLANG_WARN_INT_CONVERSION = YES;
				CLANG_WARN_NON_LITERAL_NULL_CONVERSION = YES;
				CLANG_WARN_OBJC_IMPLICIT_RETAIN_SELF = YES;
				CLANG_WARN_OBJC_LITERAL_CONVERSION = YES;
				CLANG_WARN_OBJC_ROOT_CLASS = YES_ERROR;
				CLANG_WARN_QUOTED_INCLUDE_IN_FRAMEWORK_HEADER = YES;
				CLANG_WARN_RANGE_LOOP_ANALYSIS = YES;
				CLANG_WARN_STRICT_PROTOTYPES = YES;
				CLANG_WARN_SUSPICIOUS_MOVE = YES;
				CLANG_WARN_UNGUARDED_AVAILABILITY = YES_AGGRESSIVE;
				CLANG_WARN_UNREACHABLE_CODE = YES;
				CLANG_WARN__DUPLICATE_METHOD_MATCH = YES;
				COPY_PHASE_STRIP = NO;
				DEBUG_INFORMATION_FORMAT = dwarf;
				ENABLE_STRICT_OBJC_MSGSEND = YES;
				ENABLE_TESTABILITY = YES;
				ENABLE_USER_SCRIPT_SANDBOXING = YES;
				GCC_C_LANGUAGE_STANDARD = gnu17;
				GCC_DYNAMIC_NO_PIC = NO;
				GCC_NO_COMMON_BLOCKS = YES;
				GCC_OPTIMIZATION_LEVEL = 0;
				GCC_PREPROCESSOR_DEFINITIONS = (
					"DEBUG=1",
					"$(inherited)",
				);
				GCC_WARN_64_TO_32_BIT_CONVERSION = YES;
				GCC_WARN_ABOUT_RETURN_TYPE = YES_ERROR;
				GCC_WARN_UNDECLARED_SELECTOR = YES;
				GCC_WARN_UNINITIALIZED_AUTOS = YES_AGGRESSIVE;
				GCC_WARN_UNUSED_FUNCTION = YES;
				GCC_WARN_UNUSED_VARIABLE = YES;
				IPHONEOS_DEPLOYMENT_TARGET = 17.2;
				LOCALIZATION_PREFERS_STRING_CATALOGS = YES;
				MTL_ENABLE_DEBUG_INFO = INCLUDE_SOURCE;
				MTL_FAST_MATH = YES;
				ONLY_ACTIVE_ARCH = YES;
				SDKROOT = iphoneos;
				SWIFT_ACTIVE_COMPILATION_CONDITIONS = "DEBUG $(inherited)";
				SWIFT_OPTIMIZATION_LEVEL = "-Onone";
			};
			name = Debug;
		};
		DA9617DB2B555D8F00A4C843 /* Release */ = {
			isa = XCBuildConfiguration;
			buildSettings = {
				ALWAYS_SEARCH_USER_PATHS = NO;
				ASSETCATALOG_COMPILER_GENERATE_SWIFT_ASSET_SYMBOL_EXTENSIONS = YES;
				CLANG_ANALYZER_NONNULL = YES;
				CLANG_ANALYZER_NUMBER_OBJECT_CONVERSION = YES_AGGRESSIVE;
				CLANG_CXX_LANGUAGE_STANDARD = "gnu++20";
				CLANG_ENABLE_MODULES = YES;
				CLANG_ENABLE_OBJC_ARC = YES;
				CLANG_ENABLE_OBJC_WEAK = YES;
				CLANG_WARN_BLOCK_CAPTURE_AUTORELEASING = YES;
				CLANG_WARN_BOOL_CONVERSION = YES;
				CLANG_WARN_COMMA = YES;
				CLANG_WARN_CONSTANT_CONVERSION = YES;
				CLANG_WARN_DEPRECATED_OBJC_IMPLEMENTATIONS = YES;
				CLANG_WARN_DIRECT_OBJC_ISA_USAGE = YES_ERROR;
				CLANG_WARN_DOCUMENTATION_COMMENTS = YES;
				CLANG_WARN_EMPTY_BODY = YES;
				CLANG_WARN_ENUM_CONVERSION = YES;
				CLANG_WARN_INFINITE_RECURSION = YES;
				CLANG_WARN_INT_CONVERSION = YES;
				CLANG_WARN_NON_LITERAL_NULL_CONVERSION = YES;
				CLANG_WARN_OBJC_IMPLICIT_RETAIN_SELF = YES;
				CLANG_WARN_OBJC_LITERAL_CONVERSION = YES;
				CLANG_WARN_OBJC_ROOT_CLASS = YES_ERROR;
				CLANG_WARN_QUOTED_INCLUDE_IN_FRAMEWORK_HEADER = YES;
				CLANG_WARN_RANGE_LOOP_ANALYSIS = YES;
				CLANG_WARN_STRICT_PROTOTYPES = YES;
				CLANG_WARN_SUSPICIOUS_MOVE = YES;
				CLANG_WARN_UNGUARDED_AVAILABILITY = YES_AGGRESSIVE;
				CLANG_WARN_UNREACHABLE_CODE = YES;
				CLANG_WARN__DUPLICATE_METHOD_MATCH = YES;
				COPY_PHASE_STRIP = NO;
				DEBUG_INFORMATION_FORMAT = "dwarf-with-dsym";
				ENABLE_NS_ASSERTIONS = NO;
				ENABLE_STRICT_OBJC_MSGSEND = YES;
				ENABLE_USER_SCRIPT_SANDBOXING = YES;
				GCC_C_LANGUAGE_STANDARD = gnu17;
				GCC_NO_COMMON_BLOCKS = YES;
				GCC_WARN_64_TO_32_BIT_CONVERSION = YES;
				GCC_WARN_ABOUT_RETURN_TYPE = YES_ERROR;
				GCC_WARN_UNDECLARED_SELECTOR = YES;
				GCC_WARN_UNINITIALIZED_AUTOS = YES_AGGRESSIVE;
				GCC_WARN_UNUSED_FUNCTION = YES;
				GCC_WARN_UNUSED_VARIABLE = YES;
				IPHONEOS_DEPLOYMENT_TARGET = 17.2;
				LOCALIZATION_PREFERS_STRING_CATALOGS = YES;
				MTL_ENABLE_DEBUG_INFO = NO;
				MTL_FAST_MATH = YES;
				SDKROOT = iphoneos;
				SWIFT_COMPILATION_MODE = wholemodule;
				VALIDATE_PRODUCT = YES;
			};
			name = Release;
		};
		DA9617DD2B555D8F00A4C843 /* Debug */ = {
			isa = XCBuildConfiguration;
			buildSettings = {
				ASSETCATALOG_COMPILER_APPICON_NAME = AppIcon;
				ASSETCATALOG_COMPILER_GLOBAL_ACCENT_COLOR_NAME = AccentColor;
				CODE_SIGN_STYLE = Automatic;
				CURRENT_PROJECT_VERSION = 1;
				GENERATE_INFOPLIST_FILE = YES;
				INFOPLIST_FILE = "Module 1/Info.plist";
				INFOPLIST_KEY_UIApplicationSupportsIndirectInputEvents = YES;
				INFOPLIST_KEY_UILaunchStoryboardName = LaunchScreen;
				INFOPLIST_KEY_UIMainStoryboardFile = Main;
				INFOPLIST_KEY_UISupportedInterfaceOrientations_iPad = "UIInterfaceOrientationPortrait UIInterfaceOrientationPortraitUpsideDown UIInterfaceOrientationLandscapeLeft UIInterfaceOrientationLandscapeRight";
				INFOPLIST_KEY_UISupportedInterfaceOrientations_iPhone = "UIInterfaceOrientationPortrait UIInterfaceOrientationLandscapeLeft UIInterfaceOrientationLandscapeRight";
				LD_RUNPATH_SEARCH_PATHS = (
					"$(inherited)",
					"@executable_path/Frameworks",
				);
				MARKETING_VERSION = 1.0;
				PRODUCT_BUNDLE_IDENTIFIER = "edu.auburn.onlinecsse.Module-1";
				PRODUCT_NAME = "$(TARGET_NAME)";
				SWIFT_EMIT_LOC_STRINGS = YES;
				SWIFT_VERSION = 5.0;
				TARGETED_DEVICE_FAMILY = "1,2";
			};
			name = Debug;
		};
		DA9617DE2B555D8F00A4C843 /* Release */ = {
			isa = XCBuildConfiguration;
			buildSettings = {
				ASSETCATALOG_COMPILER_APPICON_NAME = AppIcon;
				ASSETCATALOG_COMPILER_GLOBAL_ACCENT_COLOR_NAME = AccentColor;
				CODE_SIGN_STYLE = Automatic;
				CURRENT_PROJECT_VERSION = 1;
				GENERATE_INFOPLIST_FILE = YES;
				INFOPLIST_FILE = "Module 1/Info.plist";
				INFOPLIST_KEY_UIApplicationSupportsIndirectInputEvents = YES;
				INFOPLIST_KEY_UILaunchStoryboardName = LaunchScreen;
				INFOPLIST_KEY_UIMainStoryboardFile = Main;
				INFOPLIST_KEY_UISupportedInterfaceOrientations_iPad = "UIInterfaceOrientationPortrait UIInterfaceOrientationPortraitUpsideDown UIInterfaceOrientationLandscapeLeft UIInterfaceOrientationLandscapeRight";
				INFOPLIST_KEY_UISupportedInterfaceOrientations_iPhone = "UIInterfaceOrientationPortrait UIInterfaceOrientationLandscapeLeft UIInterfaceOrientationLandscapeRight";
				LD_RUNPATH_SEARCH_PATHS = (
					"$(inherited)",
					"@executable_path/Frameworks",
				);
				MARKETING_VERSION = 1.0;
				PRODUCT_BUNDLE_IDENTIFIER = "edu.auburn.onlinecsse.Module-1";
				PRODUCT_NAME = "$(TARGET_NAME)";
				SWIFT_EMIT_LOC_STRINGS = YES;
				SWIFT_VERSION = 5.0;
				TARGETED_DEVICE_FAMILY = "1,2";
			};
			name = Release;
		};
		DA9617E02B555D8F00A4C843 /* Debug */ = {
			isa = XCBuildConfiguration;
			buildSettings = {
				ALWAYS_EMBED_SWIFT_STANDARD_LIBRARIES = YES;
				BUNDLE_LOADER = "$(TEST_HOST)";
				CODE_SIGN_STYLE = Automatic;
				CURRENT_PROJECT_VERSION = 1;
				GENERATE_INFOPLIST_FILE = YES;
				IPHONEOS_DEPLOYMENT_TARGET = 17.2;
				MARKETING_VERSION = 1.0;
				PRODUCT_BUNDLE_IDENTIFIER = "edu.auburn.onlinecsse.Module-1Tests";
				PRODUCT_NAME = "$(TARGET_NAME)";
				SWIFT_EMIT_LOC_STRINGS = NO;
				SWIFT_VERSION = 5.0;
				TARGETED_DEVICE_FAMILY = "1,2";
				TEST_HOST = "$(BUILT_PRODUCTS_DIR)/Module 1.app/$(BUNDLE_EXECUTABLE_FOLDER_PATH)/Module 1";
			};
			name = Debug;
		};
		DA9617E12B555D8F00A4C843 /* Release */ = {
			isa = XCBuildConfiguration;
			buildSettings = {
				ALWAYS_EMBED_SWIFT_STANDARD_LIBRARIES = YES;
				BUNDLE_LOADER = "$(TEST_HOST)";
				CODE_SIGN_STYLE = Automatic;
				CURRENT_PROJECT_VERSION = 1;
				GENERATE_INFOPLIST_FILE = YES;
				IPHONEOS_DEPLOYMENT_TARGET = 17.2;
				MARKETING_VERSION = 1.0;
				PRODUCT_BUNDLE_IDENTIFIER = "edu.auburn.onlinecsse.Module-1Tests";
				PRODUCT_NAME = "$(TARGET_NAME)";
				SWIFT_EMIT_LOC_STRINGS = NO;
				SWIFT_VERSION = 5.0;
				TARGETED_DEVICE_FAMILY = "1,2";
				TEST_HOST = "$(BUILT_PRODUCTS_DIR)/Module 1.app/$(BUNDLE_EXECUTABLE_FOLDER_PATH)/Module 1";
			};
			name = Release;
		};
		DA9617E32B555D8F00A4C843 /* Debug */ = {
			isa = XCBuildConfiguration;
			buildSettings = {
				ALWAYS_EMBED_SWIFT_STANDARD_LIBRARIES = YES;
				CODE_SIGN_STYLE = Automatic;
				CURRENT_PROJECT_VERSION = 1;
				GENERATE_INFOPLIST_FILE = YES;
				MARKETING_VERSION = 1.0;
				PRODUCT_BUNDLE_IDENTIFIER = "edu.auburn.onlinecsse.Module-1UITests";
				PRODUCT_NAME = "$(TARGET_NAME)";
				SWIFT_EMIT_LOC_STRINGS = NO;
				SWIFT_VERSION = 5.0;
				TARGETED_DEVICE_FAMILY = "1,2";
				TEST_TARGET_NAME = "Module 1";
			};
			name = Debug;
		};
		DA9617E42B555D8F00A4C843 /* Release */ = {
			isa = XCBuildConfiguration;
			buildSettings = {
				ALWAYS_EMBED_SWIFT_STANDARD_LIBRARIES = YES;
				CODE_SIGN_STYLE = Automatic;
				CURRENT_PROJECT_VERSION = 1;
				GENERATE_INFOPLIST_FILE = YES;
				MARKETING_VERSION = 1.0;
				PRODUCT_BUNDLE_IDENTIFIER = "edu.auburn.onlinecsse.Module-1UITests";
				PRODUCT_NAME = "$(TARGET_NAME)";
				SWIFT_EMIT_LOC_STRINGS = NO;
				SWIFT_VERSION = 5.0;
				TARGETED_DEVICE_FAMILY = "1,2";
				TEST_TARGET_NAME = "Module 1";
			};
			name = Release;
		};
/* End XCBuildConfiguration section */

/* Begin XCConfigurationList section */
		DA9617AD2B555D8D00A4C843 /* Build configuration list for PBXProject "Module 1" */ = {
			isa = XCConfigurationList;
			buildConfigurations = (
				DA9617DA2B555D8F00A4C843 /* Debug */,
				DA9617DB2B555D8F00A4C843 /* Release */,
			);
			defaultConfigurationIsVisible = 0;
			defaultConfigurationName = Release;
		};
		DA9617DC2B555D8F00A4C843 /* Build configuration list for PBXNativeTarget "Module 1" */ = {
			isa = XCConfigurationList;
			buildConfigurations = (
				DA9617DD2B555D8F00A4C843 /* Debug */,
				DA9617DE2B555D8F00A4C843 /* Release */,
			);
			defaultConfigurationIsVisible = 0;
			defaultConfigurationName = Release;
		};
		DA9617DF2B555D8F00A4C843 /* Build configuration list for PBXNativeTarget "Module 1Tests" */ = {
			isa = XCConfigurationList;
			buildConfigurations = (
				DA9617E02B555D8F00A4C843 /* Debug */,
				DA9617E12B555D8F00A4C843 /* Release */,
			);
			defaultConfigurationIsVisible = 0;
			defaultConfigurationName = Release;
		};
		DA9617E22B555D8F00A4C843 /* Build configuration list for PBXNativeTarget "Module 1UITests" */ = {
			isa = XCConfigurationList;
			buildConfigurations = (
				DA9617E32B555D8F00A4C843 /* Debug */,
				DA9617E42B555D8F00A4C843 /* Release */,
			);
			defaultConfigurationIsVisible = 0;
			defaultConfigurationName = Release;
		};
/* End XCConfigurationList section */
	};
	rootObject = DA9617AA2B555D8D00A4C843 /* Project object */;
}
